{
  "name": "miniProgram",
  "lockfileVersion": 2,
  "requires": true,
  "packages": {
    "": {
      "dependencies": {
        "@babel/runtime": "^7.17.2",
        "im-live-sells": "^1.0.25",
        "tim-wx-sdk": "^2.17.0"
      }
    },
    "node_modules/@babel/runtime": {
      "version": "7.17.2",
      "resolved": "https://registry.npmmirror.com/@babel/runtime/-/runtime-7.17.2.tgz",
      "integrity": "sha512-hzeyJyMA1YGdJTuWU0e/j4wKXrU4OMFvY2MSlaI9B7VQb0r5cxTE3EAIS2Q7Tn2RIcDkRvTA/v2JsAEhxe99uw==",
      "dependencies": {
        "regenerator-runtime": "^0.13.4"
      },
      "engines": {
        "node": ">=6.9.0"
      }
    },
    "node_modules/@types/node": {
      "version": "8.10.66",
      "resolved": "https://registry.npmmirror.com/@types/node/-/node-8.10.66.tgz",
      "integrity": "sha512-tktOkFUA4kXx2hhhrB8bIFb5TbwzS4uOhKEmwiD+NoiL0qtP2OQ9mFldbgD4dV1djrlBYP6eBuQZiWjuHUpqFw=="
    },
    "node_modules/event-bus-station": {
      "version": "1.0.0",
      "resolved": "https://registry.npmmirror.com/event-bus-station/-/event-bus-station-1.0.0.tgz",
      "integrity": "sha512-U+fbXHb6sW8RssxuggxRGw2AWOnyWSfwtYIiVOW30L8Sz1FOF9L66x8d9QVoOzaevgOtwYXfaLl0RXDGtoBbQg==",
      "dependencies": {
        "@types/node": "^8.0.47"
      }
    },
    "node_modules/im-live-sells": {
      "version": "1.0.25",
      "resolved": "https://registry.npmmirror.com/im-live-sells/-/im-live-sells-1.0.25.tgz",
      "integrity": "sha512-G3hVqPMihMlkppB954WMQyDKQX4rCVMrfeE9JYJGEOiohIJemu4kTE4Utyv+ZEbWva6semzNoLaGl9U+ejaN2Q==",
      "dependencies": {
        "event-bus-station": "^1.0.0",
        "js-event-bus": "^1.0.1",
        "tim-js-sdk": "^2.6.2",
        "tim-wx-sdk": "^2.6.2"
      }
    },
    "node_modules/js-event-bus": {
      "version": "1.1.1",
      "resolved": "https://registry.npmmirror.com/js-event-bus/-/js-event-bus-1.1.1.tgz",
      "integrity": "sha512-clZBV/Bzxw3sPB1ugeBANkPWw1noQWwa7MJAtiEXBfw3CH4wptA6Nh7+b9rqi1/z0tjo6t7wILrGGg3IHRAOPw=="
    },
    "node_modules/regenerator-runtime": {
      "version": "0.13.9",
      "resolved": "https://registry.npmmirror.com/regenerator-runtime/-/regenerator-runtime-0.13.9.tgz",
      "integrity": "sha512-p3VT+cOEgxFsRRA9X4lkI1E+k2/CtnKtU4gcxyaCUreilL/vqI6CdZ3wxVUx3UOUg+gnUOQQcRI7BmSI656MYA=="
    },
    "node_modules/tim-js-sdk": {
      "version": "2.17.0",
      "resolved": "https://registry.npmmirror.com/tim-js-sdk/-/tim-js-sdk-2.17.0.tgz",
      "integrity": "sha512-42kBFtv7PmZJivGyLfCAtHr7gqCvae45VGTchOu+Yri9IQf/+wyPfJ0RsXm7guzg/l5KB8mTcyZFLfs4b/xFgA=="
    },
    "node_modules/tim-wx-sdk": {
      "version": "2.17.0",
      "resolved": "https://registry.npmmirror.com/tim-wx-sdk/-/tim-wx-sdk-2.17.0.tgz",
      "integrity": "sha512-7Q0BSke+CzJL+xgdkY+dFK/3LvQq8abJzMTed3WC11VTYmF1P5Pn7Dkotmr3rVIZYgPedYu/hzkjiV/M239ZMA=="
    }
  },
  "dependencies": {
    "@babel/runtime": {
      "version": "7.17.2",
      "resolved": "https://registry.npmmirror.com/@babel/runtime/-/runtime-7.17.2.tgz",
      "integrity": "sha512-hzeyJyMA1YGdJTuWU0e/j4wKXrU4OMFvY2MSlaI9B7VQb0r5cxTE3EAIS2Q7Tn2RIcDkRvTA/v2JsAEhxe99uw==",
      "requires": {
        "regenerator-runtime": "^0.13.4"
      }
    },
    "@types/node": {
      "version": "8.10.66",
      "resolved": "https://registry.npmmirror.com/@types/node/-/node-8.10.66.tgz",
      "integrity": "sha512-tktOkFUA4kXx2hhhrB8bIFb5TbwzS4uOhKEmwiD+NoiL0qtP2OQ9mFldbgD4dV1djrlBYP6eBuQZiWjuHUpqFw=="
    },
    "event-bus-station": {
      "version": "1.0.0",
      "resolved": "https://registry.npmmirror.com/event-bus-station/-/event-bus-station-1.0.0.tgz",
      "integrity": "sha512-U+fbXHb6sW8RssxuggxRGw2AWOnyWSfwtYIiVOW30L8Sz1FOF9L66x8d9QVoOzaevgOtwYXfaLl0RXDGtoBbQg==",
      "requires": {
        "@types/node": "^8.0.47"
      }
    },
    "im-live-sells": {
      "version": "1.0.25",
      "resolved": "https://registry.npmmirror.com/im-live-sells/-/im-live-sells-1.0.25.tgz",
      "integrity": "sha512-G3hVqPMihMlkppB954WMQyDKQX4rCVMrfeE9JYJGEOiohIJemu4kTE4Utyv+ZEbWva6semzNoLaGl9U+ejaN2Q==",
      "requires": {
        "event-bus-station": "^1.0.0",
        "js-event-bus": "^1.0.1",
        "tim-js-sdk": "^2.6.2",
        "tim-wx-sdk": "^2.6.2"
      }
    },
    "js-event-bus": {
      "version": "1.1.1",
      "resolved": "https://registry.npmmirror.com/js-event-bus/-/js-event-bus-1.1.1.tgz",
      "integrity": "sha512-clZBV/Bzxw3sPB1ugeBANkPWw1noQWwa7MJAtiEXBfw3CH4wptA6Nh7+b9rqi1/z0tjo6t7wILrGGg3IHRAOPw=="
    },
    "regenerator-runtime": {
      "version": "0.13.9",
      "resolved": "https://registry.npmmirror.com/regenerator-runtime/-/regenerator-runtime-0.13.9.tgz",
      "integrity": "sha512-p3VT+cOEgxFsRRA9X4lkI1E+k2/CtnKtU4gcxyaCUreilL/vqI6CdZ3wxVUx3UOUg+gnUOQQcRI7BmSI656MYA=="
    },
    "tim-js-sdk": {
      "version": "2.17.0",
      "resolved": "https://registry.npmmirror.com/tim-js-sdk/-/tim-js-sdk-2.17.0.tgz",
      "integrity": "sha512-42kBFtv7PmZJivGyLfCAtHr7gqCvae45VGTchOu+Yri9IQf/+wyPfJ0RsXm7guzg/l5KB8mTcyZFLfs4b/xFgA=="
    },
    "tim-wx-sdk": {
      "version": "2.17.0",
      "resolved": "https://registry.npmmirror.com/tim-wx-sdk/-/tim-wx-sdk-2.17.0.tgz",
      "integrity": "sha512-7Q0BSke+CzJL+xgdkY+dFK/3LvQq8abJzMTed3WC11VTYmF1P5Pn7Dkotmr3rVIZYgPedYu/hzkjiV/M239ZMA=="
    }
  }
}
